
Microsoft Visual Studio Solution File, Format Version 12.00
# Visual Studio Version 16
VisualStudioVersion = 16.0.31025.194
MinimumVisualStudioVersion = 10.0.40219.1
Project("{9A19103F-16F7-4668-BE54-9A1E7A4F7556}") = "ModMon.Books.ServiceLayer.GoodLinq", "ModMon.Books.ServiceLayer.GoodLinq\ModMon.Books.ServiceLayer.GoodLinq.csproj", "{D6C26516-31E5-42EA-941C-AF2C5EDD7057}"
EndProject
Project("{9A19103F-16F7-4668-BE54-9A1E7A4F7556}") = "ModMon.Books.ServiceLayer.Udfs", "ModMon.Books.ServiceLayer.Udfs\ModMon.Books.ServiceLayer.Udfs.csproj", "{CE0DCA21-8012-4FCD-A31B-87D94C6925E2}"
EndProject
Project("{9A19103F-16F7-4668-BE54-9A1E7A4F7556}") = "BuildNuspecs", "BuildNuspecs\BuildNuspecs.csproj", "{27DD75D1-AA14-49CC-891A-1FBEE40A37B7}"
EndProject
Project("{2150E333-8FDC-42A3-9474-1A3956D46DE8}") = "Solution Items", "Solution Items", "{AA18F01E-C7C1-494D-8DAB-3954E09CB0DA}"
	ProjectSection(SolutionItems) = preProject
		README.md = README.md
		ReleaseNotes.md = ReleaseNotes.md
	EndProjectSection
EndProject
Project("{9A19103F-16F7-4668-BE54-9A1E7A4F7556}") = "ModMon.Books.Test", "ModMon.Books.Test\ModMon.Books.Test.csproj", "{C57F5727-FD5D-4EF9-931E-412D8421FEEB}"
EndProject
Project("{FAE04EC0-301F-11D3-BF4B-00C04F79EFBC}") = "BookApp.Books.AppSetup", "BookApp.Books.AppSetup\BookApp.Books.AppSetup.csproj", "{6784CC0C-D9F0-4924-8ECB-3CB7B5767BFD}"
EndProject
Project("{FAE04EC0-301F-11D3-BF4B-00C04F79EFBC}") = "BookApp.Books.Domain", "BookApp.Books.Domain\BookApp.Books.Domain.csproj", "{6735F748-6FD7-4D7E-B6FC-1D5EA47DB251}"
EndProject
Project("{FAE04EC0-301F-11D3-BF4B-00C04F79EFBC}") = "BookApp.Books.Infrastructure.CachedValues", "BookApp.Books.Infrastructure.CachedValues\BookApp.Books.Infrastructure.CachedValues.csproj", "{B682406B-C59E-46E6-B9AD-A45CB3D97751}"
EndProject
Project("{FAE04EC0-301F-11D3-BF4B-00C04F79EFBC}") = "BookApp.Books.Infrastructure.Seeding", "BookApp.Books.Infrastructure.Seeding\BookApp.Books.Infrastructure.Seeding.csproj", "{039A3643-71AF-4C92-9439-BE06EDBBFC2F}"
EndProject
Project("{FAE04EC0-301F-11D3-BF4B-00C04F79EFBC}") = "BookApp.Books.Persistence", "BookApp.Books.Persistence\BookApp.Books.Persistence.csproj", "{A0FA1396-67AC-4CF9-A679-462A492B5CBC}"
EndProject
Project("{FAE04EC0-301F-11D3-BF4B-00C04F79EFBC}") = "BookApp.Books.ServiceLayer.Cached", "BookApp.Books.ServiceLayer.Cached\BookApp.Books.ServiceLayer.Cached.csproj", "{77EA8714-999F-4361-9A9E-4CD057864565}"
EndProject
Project("{FAE04EC0-301F-11D3-BF4B-00C04F79EFBC}") = "BookApp.Books.ServiceLayer.Common", "BookApp.Books.ServiceLayer.Common\BookApp.Books.ServiceLayer.Common.csproj", "{366D0491-9850-436C-8961-2225452B23E3}"
EndProject
Project("{FAE04EC0-301F-11D3-BF4B-00C04F79EFBC}") = "BookApp.Books.ServiceLayer.Dapper", "BookApp.Books.ServiceLayer.Dapper\BookApp.Books.ServiceLayer.Dapper.csproj", "{2918AE5B-B9A6-4892-A7B4-C389D59F5223}"
EndProject
Global
	GlobalSection(SolutionConfigurationPlatforms) = preSolution
		Debug|Any CPU = Debug|Any CPU
		Release|Any CPU = Release|Any CPU
	EndGlobalSection
	GlobalSection(ProjectConfigurationPlatforms) = postSolution
		{D6C26516-31E5-42EA-941C-AF2C5EDD7057}.Debug|Any CPU.ActiveCfg = Debug|Any CPU
		{D6C26516-31E5-42EA-941C-AF2C5EDD7057}.Debug|Any CPU.Build.0 = Debug|Any CPU
		{D6C26516-31E5-42EA-941C-AF2C5EDD7057}.Release|Any CPU.ActiveCfg = Release|Any CPU
		{D6C26516-31E5-42EA-941C-AF2C5EDD7057}.Release|Any CPU.Build.0 = Release|Any CPU
		{CE0DCA21-8012-4FCD-A31B-87D94C6925E2}.Debug|Any CPU.ActiveCfg = Debug|Any CPU
		{CE0DCA21-8012-4FCD-A31B-87D94C6925E2}.Debug|Any CPU.Build.0 = Debug|Any CPU
		{CE0DCA21-8012-4FCD-A31B-87D94C6925E2}.Release|Any CPU.ActiveCfg = Release|Any CPU
		{CE0DCA21-8012-4FCD-A31B-87D94C6925E2}.Release|Any CPU.Build.0 = Release|Any CPU
		{27DD75D1-AA14-49CC-891A-1FBEE40A37B7}.Debug|Any CPU.ActiveCfg = Debug|Any CPU
		{27DD75D1-AA14-49CC-891A-1FBEE40A37B7}.Debug|Any CPU.Build.0 = Debug|Any CPU
		{27DD75D1-AA14-49CC-891A-1FBEE40A37B7}.Release|Any CPU.ActiveCfg = Release|Any CPU
		{27DD75D1-AA14-49CC-891A-1FBEE40A37B7}.Release|Any CPU.Build.0 = Release|Any CPU
		{C57F5727-FD5D-4EF9-931E-412D8421FEEB}.Debug|Any CPU.ActiveCfg = Debug|Any CPU
		{C57F5727-FD5D-4EF9-931E-412D8421FEEB}.Debug|Any CPU.Build.0 = Debug|Any CPU
		{C57F5727-FD5D-4EF9-931E-412D8421FEEB}.Release|Any CPU.ActiveCfg = Release|Any CPU
		{C57F5727-FD5D-4EF9-931E-412D8421FEEB}.Release|Any CPU.Build.0 = Release|Any CPU
		{6784CC0C-D9F0-4924-8ECB-3CB7B5767BFD}.Debug|Any CPU.ActiveCfg = Debug|Any CPU
		{6784CC0C-D9F0-4924-8ECB-3CB7B5767BFD}.Debug|Any CPU.Build.0 = Debug|Any CPU
		{6784CC0C-D9F0-4924-8ECB-3CB7B5767BFD}.Release|Any CPU.ActiveCfg = Release|Any CPU
		{6784CC0C-D9F0-4924-8ECB-3CB7B5767BFD}.Release|Any CPU.Build.0 = Release|Any CPU
		{6735F748-6FD7-4D7E-B6FC-1D5EA47DB251}.Debug|Any CPU.ActiveCfg = Debug|Any CPU
		{6735F748-6FD7-4D7E-B6FC-1D5EA47DB251}.Debug|Any CPU.Build.0 = Debug|Any CPU
		{6735F748-6FD7-4D7E-B6FC-1D5EA47DB251}.Release|Any CPU.ActiveCfg = Release|Any CPU
		{6735F748-6FD7-4D7E-B6FC-1D5EA47DB251}.Release|Any CPU.Build.0 = Release|Any CPU
		{B682406B-C59E-46E6-B9AD-A45CB3D97751}.Debug|Any CPU.ActiveCfg = Debug|Any CPU
		{B682406B-C59E-46E6-B9AD-A45CB3D97751}.Debug|Any CPU.Build.0 = Debug|Any CPU
		{B682406B-C59E-46E6-B9AD-A45CB3D97751}.Release|Any CPU.ActiveCfg = Release|Any CPU
		{B682406B-C59E-46E6-B9AD-A45CB3D97751}.Release|Any CPU.Build.0 = Release|Any CPU
		{039A3643-71AF-4C92-9439-BE06EDBBFC2F}.Debug|Any CPU.ActiveCfg = Debug|Any CPU
		{039A3643-71AF-4C92-9439-BE06EDBBFC2F}.Debug|Any CPU.Build.0 = Debug|Any CPU
		{039A3643-71AF-4C92-9439-BE06EDBBFC2F}.Release|Any CPU.ActiveCfg = Release|Any CPU
		{039A3643-71AF-4C92-9439-BE06EDBBFC2F}.Release|Any CPU.Build.0 = Release|Any CPU
		{A0FA1396-67AC-4CF9-A679-462A492B5CBC}.Debug|Any CPU.ActiveCfg = Debug|Any CPU
		{A0FA1396-67AC-4CF9-A679-462A492B5CBC}.Debug|Any CPU.Build.0 = Debug|Any CPU
		{A0FA1396-67AC-4CF9-A679-462A492B5CBC}.Release|Any CPU.ActiveCfg = Release|Any CPU
		{A0FA1396-67AC-4CF9-A679-462A492B5CBC}.Release|Any CPU.Build.0 = Release|Any CPU
		{77EA8714-999F-4361-9A9E-4CD057864565}.Debug|Any CPU.ActiveCfg = Debug|Any CPU
		{77EA8714-999F-4361-9A9E-4CD057864565}.Debug|Any CPU.Build.0 = Debug|Any CPU
		{77EA8714-999F-4361-9A9E-4CD057864565}.Release|Any CPU.ActiveCfg = Release|Any CPU
		{77EA8714-999F-4361-9A9E-4CD057864565}.Release|Any CPU.Build.0 = Release|Any CPU
		{366D0491-9850-436C-8961-2225452B23E3}.Debug|Any CPU.ActiveCfg = Debug|Any CPU
		{366D0491-9850-436C-8961-2225452B23E3}.Debug|Any CPU.Build.0 = Debug|Any CPU
		{366D0491-9850-436C-8961-2225452B23E3}.Release|Any CPU.ActiveCfg = Release|Any CPU
		{366D0491-9850-436C-8961-2225452B23E3}.Release|Any CPU.Build.0 = Release|Any CPU
		{2918AE5B-B9A6-4892-A7B4-C389D59F5223}.Debug|Any CPU.ActiveCfg = Debug|Any CPU
		{2918AE5B-B9A6-4892-A7B4-C389D59F5223}.Debug|Any CPU.Build.0 = Debug|Any CPU
		{2918AE5B-B9A6-4892-A7B4-C389D59F5223}.Release|Any CPU.ActiveCfg = Release|Any CPU
		{2918AE5B-B9A6-4892-A7B4-C389D59F5223}.Release|Any CPU.Build.0 = Release|Any CPU
	EndGlobalSection
	GlobalSection(SolutionProperties) = preSolution
		HideSolutionNode = FALSE
	EndGlobalSection
	GlobalSection(ExtensibilityGlobals) = postSolution
		SolutionGuid = {6EE2EAFF-C8F0-4A1D-B809-2CCE8B2AB6C9}
	EndGlobalSection
EndGlobal
