
Microsoft Visual Studio Solution File, Format Version 12.00
# Visual Studio Version 16
VisualStudioVersion = 16.0.31025.194
MinimumVisualStudioVersion = 10.0.40219.1
Project("{FAE04EC0-301F-11D3-BF4B-00C04F79EFBC}") = "Test", "Test\Test.csproj", "{A5DB95BD-A426-42CE-8CDF-FBC96975FDCC}"
EndProject
Project("{FAE04EC0-301F-11D3-BF4B-00C04F79EFBC}") = "ModMon.Books.Domain", "ModMon.Books.Domain\ModMon.Books.Domain.csproj", "{A3D52583-02A9-4954-9E10-B8F505B2F8A3}"
EndProject
Project("{FAE04EC0-301F-11D3-BF4B-00C04F79EFBC}") = "ModMon.Books.Persistence", "ModMon.Books.Persistence\ModMon.Books.Persistence.csproj", "{E47CD4F3-36A7-405D-B11A-372967F481AA}"
EndProject
Project("{FAE04EC0-301F-11D3-BF4B-00C04F79EFBC}") = "ModMon.Books.Infrastructure.Seeding", "ModMon.Books.Infrastructure.Seeding\ModMon.Books.Infrastructure.Seeding.csproj", "{59936BD5-C2CD-4D79-8CBE-677E6DA5E146}"
EndProject
Project("{FAE04EC0-301F-11D3-BF4B-00C04F79EFBC}") = "ModMon.Books.ServiceLayer.Cached", "ModMon.Books.ServiceLayer.Cached\ModMon.Books.ServiceLayer.Cached.csproj", "{160F9562-E2F9-4003-B0DB-6D4C7AE8B0C0}"
EndProject
Project("{FAE04EC0-301F-11D3-BF4B-00C04F79EFBC}") = "ModMon.Books.ServiceLayer.Dapper", "ModMon.Books.ServiceLayer.Dapper\ModMon.Books.ServiceLayer.Dapper.csproj", "{951015CD-8699-40B7-A605-94AF8F78A825}"
EndProject
Project("{FAE04EC0-301F-11D3-BF4B-00C04F79EFBC}") = "ModMon.Books.ServiceLayer.GoodLinq", "ModMon.Books.ServiceLayer.GoodLinq\ModMon.Books.ServiceLayer.GoodLinq.csproj", "{D6C26516-31E5-42EA-941C-AF2C5EDD7057}"
EndProject
Project("{FAE04EC0-301F-11D3-BF4B-00C04F79EFBC}") = "ModMon.Books.ServiceLayer.Common", "ModMon.Books.ServiceLayer.Common\ModMon.Books.ServiceLayer.Common.csproj", "{03C4BF3A-11E3-4C09-B004-A0559D7091BC}"
EndProject
Project("{FAE04EC0-301F-11D3-BF4B-00C04F79EFBC}") = "ModMon.Books.ServiceLayer.Udfs", "ModMon.Books.ServiceLayer.Udfs\ModMon.Books.ServiceLayer.Udfs.csproj", "{CE0DCA21-8012-4FCD-A31B-87D94C6925E2}"
EndProject
Project("{FAE04EC0-301F-11D3-BF4B-00C04F79EFBC}") = "ModMon.Books.AppSetup", "ModMon.Books.AppSetup\ModMon.Books.AppSetup.csproj", "{6FD820A5-F4F5-4D14-8CEF-46ACA0CE0F70}"
EndProject
Global
	GlobalSection(SolutionConfigurationPlatforms) = preSolution
		Debug|Any CPU = Debug|Any CPU
		Release|Any CPU = Release|Any CPU
	EndGlobalSection
	GlobalSection(ProjectConfigurationPlatforms) = postSolution
		{A5DB95BD-A426-42CE-8CDF-FBC96975FDCC}.Debug|Any CPU.ActiveCfg = Debug|Any CPU
		{A5DB95BD-A426-42CE-8CDF-FBC96975FDCC}.Debug|Any CPU.Build.0 = Debug|Any CPU
		{A5DB95BD-A426-42CE-8CDF-FBC96975FDCC}.Release|Any CPU.ActiveCfg = Release|Any CPU
		{A5DB95BD-A426-42CE-8CDF-FBC96975FDCC}.Release|Any CPU.Build.0 = Release|Any CPU
		{A3D52583-02A9-4954-9E10-B8F505B2F8A3}.Debug|Any CPU.ActiveCfg = Debug|Any CPU
		{A3D52583-02A9-4954-9E10-B8F505B2F8A3}.Debug|Any CPU.Build.0 = Debug|Any CPU
		{A3D52583-02A9-4954-9E10-B8F505B2F8A3}.Release|Any CPU.ActiveCfg = Release|Any CPU
		{A3D52583-02A9-4954-9E10-B8F505B2F8A3}.Release|Any CPU.Build.0 = Release|Any CPU
		{E47CD4F3-36A7-405D-B11A-372967F481AA}.Debug|Any CPU.ActiveCfg = Debug|Any CPU
		{E47CD4F3-36A7-405D-B11A-372967F481AA}.Debug|Any CPU.Build.0 = Debug|Any CPU
		{E47CD4F3-36A7-405D-B11A-372967F481AA}.Release|Any CPU.ActiveCfg = Release|Any CPU
		{E47CD4F3-36A7-405D-B11A-372967F481AA}.Release|Any CPU.Build.0 = Release|Any CPU
		{59936BD5-C2CD-4D79-8CBE-677E6DA5E146}.Debug|Any CPU.ActiveCfg = Debug|Any CPU
		{59936BD5-C2CD-4D79-8CBE-677E6DA5E146}.Debug|Any CPU.Build.0 = Debug|Any CPU
		{59936BD5-C2CD-4D79-8CBE-677E6DA5E146}.Release|Any CPU.ActiveCfg = Release|Any CPU
		{59936BD5-C2CD-4D79-8CBE-677E6DA5E146}.Release|Any CPU.Build.0 = Release|Any CPU
		{160F9562-E2F9-4003-B0DB-6D4C7AE8B0C0}.Debug|Any CPU.ActiveCfg = Debug|Any CPU
		{160F9562-E2F9-4003-B0DB-6D4C7AE8B0C0}.Debug|Any CPU.Build.0 = Debug|Any CPU
		{160F9562-E2F9-4003-B0DB-6D4C7AE8B0C0}.Release|Any CPU.ActiveCfg = Release|Any CPU
		{160F9562-E2F9-4003-B0DB-6D4C7AE8B0C0}.Release|Any CPU.Build.0 = Release|Any CPU
		{951015CD-8699-40B7-A605-94AF8F78A825}.Debug|Any CPU.ActiveCfg = Debug|Any CPU
		{951015CD-8699-40B7-A605-94AF8F78A825}.Debug|Any CPU.Build.0 = Debug|Any CPU
		{951015CD-8699-40B7-A605-94AF8F78A825}.Release|Any CPU.ActiveCfg = Release|Any CPU
		{951015CD-8699-40B7-A605-94AF8F78A825}.Release|Any CPU.Build.0 = Release|Any CPU
		{D6C26516-31E5-42EA-941C-AF2C5EDD7057}.Debug|Any CPU.ActiveCfg = Debug|Any CPU
		{D6C26516-31E5-42EA-941C-AF2C5EDD7057}.Debug|Any CPU.Build.0 = Debug|Any CPU
		{D6C26516-31E5-42EA-941C-AF2C5EDD7057}.Release|Any CPU.ActiveCfg = Release|Any CPU
		{D6C26516-31E5-42EA-941C-AF2C5EDD7057}.Release|Any CPU.Build.0 = Release|Any CPU
		{03C4BF3A-11E3-4C09-B004-A0559D7091BC}.Debug|Any CPU.ActiveCfg = Debug|Any CPU
		{03C4BF3A-11E3-4C09-B004-A0559D7091BC}.Debug|Any CPU.Build.0 = Debug|Any CPU
		{03C4BF3A-11E3-4C09-B004-A0559D7091BC}.Release|Any CPU.ActiveCfg = Release|Any CPU
		{03C4BF3A-11E3-4C09-B004-A0559D7091BC}.Release|Any CPU.Build.0 = Release|Any CPU
		{CE0DCA21-8012-4FCD-A31B-87D94C6925E2}.Debug|Any CPU.ActiveCfg = Debug|Any CPU
		{CE0DCA21-8012-4FCD-A31B-87D94C6925E2}.Debug|Any CPU.Build.0 = Debug|Any CPU
		{CE0DCA21-8012-4FCD-A31B-87D94C6925E2}.Release|Any CPU.ActiveCfg = Release|Any CPU
		{CE0DCA21-8012-4FCD-A31B-87D94C6925E2}.Release|Any CPU.Build.0 = Release|Any CPU
		{6FD820A5-F4F5-4D14-8CEF-46ACA0CE0F70}.Debug|Any CPU.ActiveCfg = Debug|Any CPU
		{6FD820A5-F4F5-4D14-8CEF-46ACA0CE0F70}.Debug|Any CPU.Build.0 = Debug|Any CPU
		{6FD820A5-F4F5-4D14-8CEF-46ACA0CE0F70}.Release|Any CPU.ActiveCfg = Release|Any CPU
		{6FD820A5-F4F5-4D14-8CEF-46ACA0CE0F70}.Release|Any CPU.Build.0 = Release|Any CPU
	EndGlobalSection
	GlobalSection(SolutionProperties) = preSolution
		HideSolutionNode = FALSE
	EndGlobalSection
	GlobalSection(ExtensibilityGlobals) = postSolution
		SolutionGuid = {6EE2EAFF-C8F0-4A1D-B809-2CCE8B2AB6C9}
	EndGlobalSection
EndGlobal
